
Microsoft Visual Studio Solution File, Format Version 12.00
# Visual Studio Version 16
VisualStudioVersion = 16.0.31624.102
MinimumVisualStudioVersion = 10.0.40219.1
Project("{FAE04EC0-301F-11D3-BF4B-00C04F79EFBC}") = "DemoCraftingGame", "DemoCraftingGame\DemoCraftingGame.csproj", "{6775C4CD-5B58-4B25-B944-AA4D9AF6DDF7}"
EndProject
Global
	GlobalSection(SolutionConfigurationPlatforms) = preSolution
		Debug|Any CPU = Debug|Any CPU
		Release|Any CPU = Release|Any CPU
	EndGlobalSection
	GlobalSection(ProjectConfigurationPlatforms) = postSolution
		{6775C4CD-5B58-4B25-B944-AA4D9AF6DDF7}.Debug|Any CPU.ActiveCfg = Debug|Any CPU
		{6775C4CD-5B58-4B25-B944-AA4D9AF6DDF7}.Debug|Any CPU.Build.0 = Debug|Any CPU
		{6775C4CD-5B58-4B25-B944-AA4D9AF6DDF7}.Release|Any CPU.ActiveCfg = Release|Any CPU
		{6775C4CD-5B58-4B25-B944-AA4D9AF6DDF7}.Release|Any CPU.Build.0 = Release|Any CPU
	EndGlobalSection
	GlobalSection(SolutionProperties) = preSolution
		HideSolutionNode = FALSE
	EndGlobalSection
	GlobalSection(ExtensibilityGlobals) = postSolution
		SolutionGuid = {F913451B-7B27-418D-BF6F-D08B1BEF7513}
	EndGlobalSection
EndGlobal
